
Microsoft Visual Studio Solution File, Format Version 12.00
# Visual Studio Version 17
VisualStudioVersion = 17.4.33205.214
MinimumVisualStudioVersion = 10.0.40219.1
Project("{9A19103F-16F7-4668-BE54-9A1E7A4F7556}") = "Aquc.Netdisk", "Aquc.Netdisk\Aquc.Netdisk.csproj", "{3B9CC3F4-9FC5-440B-86C9-66141E061BCD}"
EndProject
Project("{9A19103F-16F7-4668-BE54-9A1E7A4F7556}") = "Aquc.AquaUpdater", "..\Aquc.AquaUpdater\Aquc.AquaUpdater\Aquc.AquaUpdater\Aquc.AquaUpdater.csproj", "{E53F2DBC-0DB2-4D22-8220-4BCA66468941}"
EndProject
Project("{9A19103F-16F7-4668-BE54-9A1E7A4F7556}") = "Aquc.Netdisk.Aliyunpan", "Aquc.Netdisk.Aliyunpan\Aquc.Netdisk.Aliyunpan.csproj", "{49D5EFA0-2C28-425E-97CA-21226E11C3E0}"
EndProject
Project("{9A19103F-16F7-4668-BE54-9A1E7A4F7556}") = "Aquc.Netdisk.Bilibili", "Aquc.Netdisk.Bilibili\Aquc.Netdisk.Bilibili.csproj", "{4D4F4125-1D56-4BBC-861A-A0EB531AC9A0}"
EndProject
Project("{9A19103F-16F7-4668-BE54-9A1E7A4F7556}") = "Aquc.Netdisk.Huang1111", "Aquc.Netdisk.Huang1111\Aquc.Netdisk.Huang1111.csproj", "{5531FDBF-54CB-45C3-818E-F7C56E063A0C}"
EndProject
Project("{9A19103F-16F7-4668-BE54-9A1E7A4F7556}") = "Aquc.Netdisk.Smms", "Aquc.Netdisk.Smms\Aquc.Netdisk.Smms.csproj", "{E392DCCD-2A8B-4CD7-8D83-F2C67843C86D}"
EndProject
Project("{9A19103F-16F7-4668-BE54-9A1E7A4F7556}") = "Aquc.Configuration", "..\Aquc.Configuration\Aquc.Configuration\Aquc.Configuration.csproj", "{3B132E49-8BEE-47D5-965D-4410DE7F4561}"
EndProject
Project("{FAE04EC0-301F-11D3-BF4B-00C04F79EFBC}") = "Aquc.AquaUpdater.Background", "Aquc.AquaUpdater.Background\Aquc.AquaUpdater.Background.csproj", "{2483B2F4-7B03-478B-964A-5055E50031AD}"
EndProject
Global
	GlobalSection(SolutionConfigurationPlatforms) = preSolution
		Debug|Any CPU = Debug|Any CPU
		Release|Any CPU = Release|Any CPU
	EndGlobalSection
	GlobalSection(ProjectConfigurationPlatforms) = postSolution
		{3B9CC3F4-9FC5-440B-86C9-66141E061BCD}.Debug|Any CPU.ActiveCfg = Debug|Any CPU
		{3B9CC3F4-9FC5-440B-86C9-66141E061BCD}.Debug|Any CPU.Build.0 = Debug|Any CPU
		{3B9CC3F4-9FC5-440B-86C9-66141E061BCD}.Release|Any CPU.ActiveCfg = Release|Any CPU
		{3B9CC3F4-9FC5-440B-86C9-66141E061BCD}.Release|Any CPU.Build.0 = Release|Any CPU
		{E53F2DBC-0DB2-4D22-8220-4BCA66468941}.Debug|Any CPU.ActiveCfg = Debug|Any CPU
		{E53F2DBC-0DB2-4D22-8220-4BCA66468941}.Debug|Any CPU.Build.0 = Debug|Any CPU
		{E53F2DBC-0DB2-4D22-8220-4BCA66468941}.Release|Any CPU.ActiveCfg = Release|Any CPU
		{E53F2DBC-0DB2-4D22-8220-4BCA66468941}.Release|Any CPU.Build.0 = Release|Any CPU
		{49D5EFA0-2C28-425E-97CA-21226E11C3E0}.Debug|Any CPU.ActiveCfg = Debug|Any CPU
		{49D5EFA0-2C28-425E-97CA-21226E11C3E0}.Debug|Any CPU.Build.0 = Debug|Any CPU
		{49D5EFA0-2C28-425E-97CA-21226E11C3E0}.Release|Any CPU.ActiveCfg = Release|Any CPU
		{49D5EFA0-2C28-425E-97CA-21226E11C3E0}.Release|Any CPU.Build.0 = Release|Any CPU
		{4D4F4125-1D56-4BBC-861A-A0EB531AC9A0}.Debug|Any CPU.ActiveCfg = Debug|Any CPU
		{4D4F4125-1D56-4BBC-861A-A0EB531AC9A0}.Debug|Any CPU.Build.0 = Debug|Any CPU
		{4D4F4125-1D56-4BBC-861A-A0EB531AC9A0}.Release|Any CPU.ActiveCfg = Release|Any CPU
		{4D4F4125-1D56-4BBC-861A-A0EB531AC9A0}.Release|Any CPU.Build.0 = Release|Any CPU
		{5531FDBF-54CB-45C3-818E-F7C56E063A0C}.Debug|Any CPU.ActiveCfg = Debug|Any CPU
		{5531FDBF-54CB-45C3-818E-F7C56E063A0C}.Debug|Any CPU.Build.0 = Debug|Any CPU
		{5531FDBF-54CB-45C3-818E-F7C56E063A0C}.Release|Any CPU.ActiveCfg = Release|Any CPU
		{5531FDBF-54CB-45C3-818E-F7C56E063A0C}.Release|Any CPU.Build.0 = Release|Any CPU
		{E392DCCD-2A8B-4CD7-8D83-F2C67843C86D}.Debug|Any CPU.ActiveCfg = Debug|Any CPU
		{E392DCCD-2A8B-4CD7-8D83-F2C67843C86D}.Debug|Any CPU.Build.0 = Debug|Any CPU
		{E392DCCD-2A8B-4CD7-8D83-F2C67843C86D}.Release|Any CPU.ActiveCfg = Release|Any CPU
		{E392DCCD-2A8B-4CD7-8D83-F2C67843C86D}.Release|Any CPU.Build.0 = Release|Any CPU
		{3B132E49-8BEE-47D5-965D-4410DE7F4561}.Debug|Any CPU.ActiveCfg = Debug|Any CPU
		{3B132E49-8BEE-47D5-965D-4410DE7F4561}.Debug|Any CPU.Build.0 = Debug|Any CPU
		{3B132E49-8BEE-47D5-965D-4410DE7F4561}.Release|Any CPU.ActiveCfg = Release|Any CPU
		{3B132E49-8BEE-47D5-965D-4410DE7F4561}.Release|Any CPU.Build.0 = Release|Any CPU
		{2483B2F4-7B03-478B-964A-5055E50031AD}.Debug|Any CPU.ActiveCfg = Debug|Any CPU
		{2483B2F4-7B03-478B-964A-5055E50031AD}.Debug|Any CPU.Build.0 = Debug|Any CPU
		{2483B2F4-7B03-478B-964A-5055E50031AD}.Release|Any CPU.ActiveCfg = Release|Any CPU
		{2483B2F4-7B03-478B-964A-5055E50031AD}.Release|Any CPU.Build.0 = Release|Any CPU
	EndGlobalSection
	GlobalSection(SolutionProperties) = preSolution
		HideSolutionNode = FALSE
	EndGlobalSection
	GlobalSection(ExtensibilityGlobals) = postSolution
		SolutionGuid = {7C79DC48-771E-498A-894F-D92C1056DAF6}
	EndGlobalSection
EndGlobal
